
Microsoft Visual Studio Solution File, Format Version 12.00
# Visual Studio Version 16
VisualStudioVersion = 16.0.28803.202
MinimumVisualStudioVersion = 10.0.40219.1
Project("{FAE04EC0-301F-11D3-BF4B-00C04F79EFBC}") = "QueueingSystem", "QueueingSystem.csproj", "{D60D306A-96C2-4754-9819-9DF645AB9423}"
EndProject
Project("{FAE04EC0-301F-11D3-BF4B-00C04F79EFBC}") = "testing", "..\testing\testing.csproj", "{D67CD730-C61A-4C7A-93CE-A2D5925856E2}"
EndProject
Global
	GlobalSection(SolutionConfigurationPlatforms) = preSolution
		Debug|Any CPU = Debug|Any CPU
		Release|Any CPU = Release|Any CPU
	EndGlobalSection
	GlobalSection(ProjectConfigurationPlatforms) = postSolution
		{D60D306A-96C2-4754-9819-9DF645AB9423}.Debug|Any CPU.ActiveCfg = Debug|Any CPU
		{D60D306A-96C2-4754-9819-9DF645AB9423}.Debug|Any CPU.Build.0 = Debug|Any CPU
		{D60D306A-96C2-4754-9819-9DF645AB9423}.Release|Any CPU.ActiveCfg = Release|Any CPU
		{D60D306A-96C2-4754-9819-9DF645AB9423}.Release|Any CPU.Build.0 = Release|Any CPU
		{D67CD730-C61A-4C7A-93CE-A2D5925856E2}.Debug|Any CPU.ActiveCfg = Debug|Any CPU
		{D67CD730-C61A-4C7A-93CE-A2D5925856E2}.Debug|Any CPU.Build.0 = Debug|Any CPU
		{D67CD730-C61A-4C7A-93CE-A2D5925856E2}.Release|Any CPU.ActiveCfg = Release|Any CPU
		{D67CD730-C61A-4C7A-93CE-A2D5925856E2}.Release|Any CPU.Build.0 = Release|Any CPU
	EndGlobalSection
	GlobalSection(SolutionProperties) = preSolution
		HideSolutionNode = FALSE
	EndGlobalSection
	GlobalSection(ExtensibilityGlobals) = postSolution
		SolutionGuid = {6E4B0241-6125-4FF0-94C7-1FE815E850F9}
	EndGlobalSection
EndGlobal
